
Microsoft Visual Studio Solution File, Format Version 12.00
# Visual Studio Version 17
VisualStudioVersion = 17.1.32407.343
MinimumVisualStudioVersion = 10.0.40219.1
Project("{FAE04EC0-301F-11D3-BF4B-00C04F79EFBC}") = "Ftp-Client", "Ftp-Client\Ftp-Client.csproj", "{1B5CD1FE-DCA9-455C-B35C-5DC62D4DDFFF}"
EndProject
Global
	GlobalSection(SolutionConfigurationPlatforms) = preSolution
		Debug|Any CPU = Debug|Any CPU
		Release|Any CPU = Release|Any CPU
	EndGlobalSection
	GlobalSection(ProjectConfigurationPlatforms) = postSolution
		{1B5CD1FE-DCA9-455C-B35C-5DC62D4DDFFF}.Debug|Any CPU.ActiveCfg = Debug|Any CPU
		{1B5CD1FE-DCA9-455C-B35C-5DC62D4DDFFF}.Debug|Any CPU.Build.0 = Debug|Any CPU
		{1B5CD1FE-DCA9-455C-B35C-5DC62D4DDFFF}.Release|Any CPU.ActiveCfg = Release|Any CPU
		{1B5CD1FE-DCA9-455C-B35C-5DC62D4DDFFF}.Release|Any CPU.Build.0 = Release|Any CPU
	EndGlobalSection
	GlobalSection(SolutionProperties) = preSolution
		HideSolutionNode = FALSE
	EndGlobalSection
	GlobalSection(ExtensibilityGlobals) = postSolution
		SolutionGuid = {E99E6187-CD36-4792-97C2-CD1547541BD4}
	EndGlobalSection
EndGlobal
